
Microsoft Visual Studio Solution File, Format Version 12.00
# Visual Studio Version 17
VisualStudioVersion = 17.11.35312.102
MinimumVisualStudioVersion = 10.0.40219.1
Project("{2150E333-8FDC-42A3-9474-1A3956D46DE8}") = "src", "src", "{60C43CFB-D1FC-4D2A-A41B-6F5B460630D9}"
EndProject
Project("{2150E333-8FDC-42A3-9474-1A3956D46DE8}") = "test", "test", "{BF3F7662-1C69-4927-BEDB-FFAA5C3A9553}"
EndProject
Project("{2150E333-8FDC-42A3-9474-1A3956D46DE8}") = "Solution Items", "Solution Items", "{8CFC6EAE-AFCF-41EF-BABC-5C158669DF79}"
	ProjectSection(SolutionItems) = preProject
		.gitignore = .gitignore
		LICENSE = LICENSE
		README.md = README.md
	EndProjectSection
EndProject
Project("{9A19103F-16F7-4668-BE54-9A1E7A4F7556}") = "Cayd.Uuid", "src\Cayd.Uuid\Cayd.Uuid.csproj", "{BF96991C-3D92-4637-AF85-70EB891490D7}"
EndProject
Project("{2150E333-8FDC-42A3-9474-1A3956D46DE8}") = "UnitTests", "UnitTests", "{3B75E1FE-E261-4FFA-8920-812DF01A834C}"
EndProject
Project("{9A19103F-16F7-4668-BE54-9A1E7A4F7556}") = "Cayd.Uuid.Test.Unit", "test\UnitTests\Cayd.Uuid.Test.Unit\Cayd.Uuid.Test.Unit.csproj", "{C31AEFE4-29EF-4CA2-A83F-556C27CB0665}"
EndProject
Project("{2150E333-8FDC-42A3-9474-1A3956D46DE8}") = "assets", "assets", "{2327B589-E646-4291-AC6C-7CA0AD0B4E9C}"
	ProjectSection(SolutionItems) = preProject
		assets\nuget-logo.png = assets\nuget-logo.png
	EndProjectSection
EndProject
Global
	GlobalSection(SolutionConfigurationPlatforms) = preSolution
		Debug|Any CPU = Debug|Any CPU
		Release|Any CPU = Release|Any CPU
	EndGlobalSection
	GlobalSection(ProjectConfigurationPlatforms) = postSolution
		{BF96991C-3D92-4637-AF85-70EB891490D7}.Debug|Any CPU.ActiveCfg = Debug|Any CPU
		{BF96991C-3D92-4637-AF85-70EB891490D7}.Debug|Any CPU.Build.0 = Debug|Any CPU
		{BF96991C-3D92-4637-AF85-70EB891490D7}.Release|Any CPU.ActiveCfg = Release|Any CPU
		{BF96991C-3D92-4637-AF85-70EB891490D7}.Release|Any CPU.Build.0 = Release|Any CPU
		{C31AEFE4-29EF-4CA2-A83F-556C27CB0665}.Debug|Any CPU.ActiveCfg = Debug|Any CPU
		{C31AEFE4-29EF-4CA2-A83F-556C27CB0665}.Debug|Any CPU.Build.0 = Debug|Any CPU
		{C31AEFE4-29EF-4CA2-A83F-556C27CB0665}.Release|Any CPU.ActiveCfg = Release|Any CPU
		{C31AEFE4-29EF-4CA2-A83F-556C27CB0665}.Release|Any CPU.Build.0 = Release|Any CPU
	EndGlobalSection
	GlobalSection(SolutionProperties) = preSolution
		HideSolutionNode = FALSE
	EndGlobalSection
	GlobalSection(NestedProjects) = preSolution
		{BF96991C-3D92-4637-AF85-70EB891490D7} = {60C43CFB-D1FC-4D2A-A41B-6F5B460630D9}
		{3B75E1FE-E261-4FFA-8920-812DF01A834C} = {BF3F7662-1C69-4927-BEDB-FFAA5C3A9553}
		{C31AEFE4-29EF-4CA2-A83F-556C27CB0665} = {3B75E1FE-E261-4FFA-8920-812DF01A834C}
	EndGlobalSection
	GlobalSection(ExtensibilityGlobals) = postSolution
		SolutionGuid = {ACF02FC9-FB2B-4561-BA46-56D0B098C454}
	EndGlobalSection
EndGlobal
